
Microsoft Visual Studio Solution File, Format Version 12.00
# Visual Studio 2012
Project("{FAE04EC0-301F-11D3-BF4B-00C04F79EFBC}") = "TinyTeam.Debuger", "TinyTeam.Debuger.csproj", "{BAF4A347-CB17-4D56-A763-32D9F66A1FB4}"
EndProject
Global
	GlobalSection(SolutionConfigurationPlatforms) = preSolution
		Server|Any CPU = Server|Any CPU
		Debug|Any CPU = Debug|Any CPU
		Release|Any CPU = Release|Any CPU
	EndGlobalSection
	GlobalSection(ProjectConfigurationPlatforms) = postSolution
		{BAF4A347-CB17-4D56-A763-32D9F66A1FB4}.Server|Any CPU.ActiveCfg = Server|Any CPU
		{BAF4A347-CB17-4D56-A763-32D9F66A1FB4}.Server|Any CPU.Build.0 = Server|Any CPU
		{BAF4A347-CB17-4D56-A763-32D9F66A1FB4}.Debug|Any CPU.ActiveCfg = Debug|Any CPU
		{BAF4A347-CB17-4D56-A763-32D9F66A1FB4}.Debug|Any CPU.Build.0 = Debug|Any CPU
		{BAF4A347-CB17-4D56-A763-32D9F66A1FB4}.Release|Any CPU.ActiveCfg = Release|Any CPU
		{BAF4A347-CB17-4D56-A763-32D9F66A1FB4}.Release|Any CPU.Build.0 = Release|Any CPU
	EndGlobalSection
EndGlobal
