
Microsoft Visual Studio Solution File, Format Version 12.00
# Visual Studio 14
VisualStudioVersion = 14.0.23107.0
MinimumVisualStudioVersion = 10.0.40219.1
Project("{FAE04EC0-301F-11D3-BF4B-00C04F79EFBC}") = "TinyTeam.Debuger", "TinyTeam.Debuger\TinyTeam.Debuger.csproj", "{BAF4A347-CB17-4D56-A763-32D9F66A1FB4}"
EndProject
Project("{FAE04EC0-301F-11D3-BF4B-00C04F79EFBC}") = "TinyTeam.Debuger.Editor", "TinyTeam.Debuger.Editor\TinyTeam.Debuger.Editor.csproj", "{0CD9AD06-2985-40CA-8AAC-D4C0E96B7702}"
EndProject
Global
	GlobalSection(SolutionConfigurationPlatforms) = preSolution
		Debug|Any CPU = Debug|Any CPU
		Release|Any CPU = Release|Any CPU
	EndGlobalSection
	GlobalSection(ProjectConfigurationPlatforms) = postSolution
		{BAF4A347-CB17-4D56-A763-32D9F66A1FB4}.Debug|Any CPU.ActiveCfg = Debug|Any CPU
		{BAF4A347-CB17-4D56-A763-32D9F66A1FB4}.Debug|Any CPU.Build.0 = Debug|Any CPU
		{BAF4A347-CB17-4D56-A763-32D9F66A1FB4}.Release|Any CPU.ActiveCfg = Release|Any CPU
		{BAF4A347-CB17-4D56-A763-32D9F66A1FB4}.Release|Any CPU.Build.0 = Release|Any CPU
		{0CD9AD06-2985-40CA-8AAC-D4C0E96B7702}.Debug|Any CPU.ActiveCfg = Debug|Any CPU
		{0CD9AD06-2985-40CA-8AAC-D4C0E96B7702}.Debug|Any CPU.Build.0 = Debug|Any CPU
		{0CD9AD06-2985-40CA-8AAC-D4C0E96B7702}.Release|Any CPU.ActiveCfg = Release|Any CPU
		{0CD9AD06-2985-40CA-8AAC-D4C0E96B7702}.Release|Any CPU.Build.0 = Release|Any CPU
	EndGlobalSection
	GlobalSection(SolutionProperties) = preSolution
		HideSolutionNode = FALSE
	EndGlobalSection
EndGlobal
